// !$*UTF8*$!
{
	archiveVersion = 1;
	classes = {
	};
	objectVersion = 77;
	objects = {

/* Begin PBXBuildFile section */
		AAD3EF5D2DCB0A85000480DD /* jasmineStudioReporter.js in Resources */ = {isa = PBXBuildFile; fileRef = AAD3EF5C2DCB0A85000480DD /* jasmineStudioReporter.js */; };
/* End PBXBuildFile section */

/* Begin PBXContainerItemProxy section */
		AA3E5A782DBD615F00CD51E6 /* PBXContainerItemProxy */ = {
			isa = PBXContainerItemProxy;
			containerPortal = AA3E5A5A2DBD615E00CD51E6 /* Project object */;
			proxyType = 1;
			remoteGlobalIDString = AA3E5A612DBD615E00CD51E6;
			remoteInfo = JasmineStudio;
		};
/* End PBXContainerItemProxy section */

/* Begin PBXFileReference section */
		AA3E5A622DBD615E00CD51E6 /* JasmineStudio.app */ = {isa = PBXFileReference; explicitFileType = wrapper.application; includeInIndex = 0; path = JasmineStudio.app; sourceTree = BUILT_PRODUCTS_DIR; };
		AA3E5A772DBD615F00CD51E6 /* JasmineStudioTests.xctest */ = {isa = PBXFileReference; explicitFileType = wrapper.cfbundle; includeInIndex = 0; path = JasmineStudioTests.xctest; sourceTree = BUILT_PRODUCTS_DIR; };
		AAD3EF5C2DCB0A85000480DD /* jasmineStudioReporter.js */ = {isa = PBXFileReference; lastKnownFileType = sourcecode.javascript; name = jasmineStudioReporter.js; path = reporter/jasmineStudioReporter.js; sourceTree = "<group>"; };
/* End PBXFileReference section */

/* Begin PBXFileSystemSynchronizedRootGroup section */
		AA3E5A642DBD615E00CD51E6 /* JasmineStudio */ = {
			isa = PBXFileSystemSynchronizedRootGroup;
			path = JasmineStudio;
			sourceTree = "<group>";
		};
		AA3E5A7A2DBD615F00CD51E6 /* JasmineStudioTests */ = {
			isa = PBXFileSystemSynchronizedRootGroup;
			path = JasmineStudioTests;
			sourceTree = "<group>";
		};
/* End PBXFileSystemSynchronizedRootGroup section */

/* Begin PBXFrameworksBuildPhase section */
		AA3E5A5F2DBD615E00CD51E6 /* Frameworks */ = {
			isa = PBXFrameworksBuildPhase;
			buildActionMask = 2147483647;
			files = (
			);
			runOnlyForDeploymentPostprocessing = 0;
		};
		AA3E5A742DBD615F00CD51E6 /* Frameworks */ = {
			isa = PBXFrameworksBuildPhase;
			buildActionMask = 2147483647;
			files = (
			);
			runOnlyForDeploymentPostprocessing = 0;
		};
/* End PBXFrameworksBuildPhase section */

/* Begin PBXGroup section */
		AA3E5A592DBD615E00CD51E6 = {
			isa = PBXGroup;
			children = (
				AAD3EF5C2DCB0A85000480DD /* jasmineStudioReporter.js */,
				AA3E5A642DBD615E00CD51E6 /* JasmineStudio */,
				AA3E5A7A2DBD615F00CD51E6 /* JasmineStudioTests */,
				AA3E5A632DBD615E00CD51E6 /* Products */,
			);
			sourceTree = "<group>";
		};
		AA3E5A632DBD615E00CD51E6 /* Products */ = {
			isa = PBXGroup;
			children = (
				AA3E5A622DBD615E00CD51E6 /* JasmineStudio.app */,
				AA3E5A772DBD615F00CD51E6 /* JasmineStudioTests.xctest */,
			);
			name = Products;
			sourceTree = "<group>";
		};
/* End PBXGroup section */

/* Begin PBXNativeTarget section */
		AA3E5A612DBD615E00CD51E6 /* JasmineStudio */ = {
			isa = PBXNativeTarget;
			buildConfigurationList = AA3E5A8B2DBD615F00CD51E6 /* Build configuration list for PBXNativeTarget "JasmineStudio" */;
			buildPhases = (
				AA3E5A5E2DBD615E00CD51E6 /* Sources */,
				AA3E5A5F2DBD615E00CD51E6 /* Frameworks */,
				AA3E5A602DBD615E00CD51E6 /* Resources */,
			);
			buildRules = (
			);
			dependencies = (
			);
			fileSystemSynchronizedGroups = (
				AA3E5A642DBD615E00CD51E6 /* JasmineStudio */,
			);
			name = JasmineStudio;
			packageProductDependencies = (
			);
			productName = JasmineStudio;
			productReference = AA3E5A622DBD615E00CD51E6 /* JasmineStudio.app */;
			productType = "com.apple.product-type.application";
		};
		AA3E5A762DBD615F00CD51E6 /* JasmineStudioTests */ = {
			isa = PBXNativeTarget;
			buildConfigurationList = AA3E5A8E2DBD615F00CD51E6 /* Build configuration list for PBXNativeTarget "JasmineStudioTests" */;
			buildPhases = (
				AA3E5A732DBD615F00CD51E6 /* Sources */,
				AA3E5A742DBD615F00CD51E6 /* Frameworks */,
				AA3E5A752DBD615F00CD51E6 /* Resources */,
			);
			buildRules = (
			);
			dependencies = (
				AA3E5A792DBD615F00CD51E6 /* PBXTargetDependency */,
			);
			fileSystemSynchronizedGroups = (
				AA3E5A7A2DBD615F00CD51E6 /* JasmineStudioTests */,
			);
			name = JasmineStudioTests;
			packageProductDependencies = (
			);
			productName = JasmineStudioTests;
			productReference = AA3E5A772DBD615F00CD51E6 /* JasmineStudioTests.xctest */;
			productType = "com.apple.product-type.bundle.unit-test";
		};
/* End PBXNativeTarget section */

/* Begin PBXProject section */
		AA3E5A5A2DBD615E00CD51E6 /* Project object */ = {
			isa = PBXProject;
			attributes = {
				BuildIndependentTargetsInParallel = 1;
				LastUpgradeCheck = 1620;
				TargetAttributes = {
					AA3E5A612DBD615E00CD51E6 = {
						CreatedOnToolsVersion = 16.2;
					};
					AA3E5A762DBD615F00CD51E6 = {
						CreatedOnToolsVersion = 16.2;
						TestTargetID = AA3E5A612DBD615E00CD51E6;
					};
				};
			};
			buildConfigurationList = AA3E5A5D2DBD615E00CD51E6 /* Build configuration list for PBXProject "JasmineStudio" */;
			developmentRegion = en;
			hasScannedForEncodings = 0;
			knownRegions = (
				en,
				Base,
			);
			mainGroup = AA3E5A592DBD615E00CD51E6;
			minimizedProjectReferenceProxies = 1;
			preferredProjectObjectVersion = 77;
			productRefGroup = AA3E5A632DBD615E00CD51E6 /* Products */;
			projectDirPath = "";
			projectRoot = "";
			targets = (
				AA3E5A612DBD615E00CD51E6 /* JasmineStudio */,
				AA3E5A762DBD615F00CD51E6 /* JasmineStudioTests */,
			);
		};
/* End PBXProject section */

/* Begin PBXResourcesBuildPhase section */
		AA3E5A602DBD615E00CD51E6 /* Resources */ = {
			isa = PBXResourcesBuildPhase;
			buildActionMask = 2147483647;
			files = (
				AAD3EF5D2DCB0A85000480DD /* jasmineStudioReporter.js in Resources */,
			);
			runOnlyForDeploymentPostprocessing = 0;
		};
		AA3E5A752DBD615F00CD51E6 /* Resources */ = {
			isa = PBXResourcesBuildPhase;
			buildActionMask = 2147483647;
			files = (
			);
			runOnlyForDeploymentPostprocessing = 0;
		};
/* End PBXResourcesBuildPhase section */

/* Begin PBXSourcesBuildPhase section */
		AA3E5A5E2DBD615E00CD51E6 /* Sources */ = {
			isa = PBXSourcesBuildPhase;
			buildActionMask = 2147483647;
			files = (
			);
			runOnlyForDeploymentPostprocessing = 0;
		};
		AA3E5A732DBD615F00CD51E6 /* Sources */ = {
			isa = PBXSourcesBuildPhase;
			buildActionMask = 2147483647;
			files = (
			);
			runOnlyForDeploymentPostprocessing = 0;
		};
/* End PBXSourcesBuildPhase section */

/* Begin PBXTargetDependency section */
		AA3E5A792DBD615F00CD51E6 /* PBXTargetDependency */ = {
			isa = PBXTargetDependency;
			target = AA3E5A612DBD615E00CD51E6 /* JasmineStudio */;
			targetProxy = AA3E5A782DBD615F00CD51E6 /* PBXContainerItemProxy */;
		};
/* End PBXTargetDependency section */

/* Begin XCBuildConfiguration section */
		AA3E5A892DBD615F00CD51E6 /* Debug */ = {
			isa = XCBuildConfiguration;
			buildSettings = {
				ALWAYS_SEARCH_USER_PATHS = NO;
				ASSETCATALOG_COMPILER_GENERATE_SWIFT_ASSET_SYMBOL_EXTENSIONS = YES;
				CLANG_ANALYZER_NONNULL = YES;
				CLANG_ANALYZER_NUMBER_OBJECT_CONVERSION = YES_AGGRESSIVE;
				CLANG_CXX_LANGUAGE_STANDARD = "gnu++20";
				CLANG_ENABLE_MODULES = YES;
				CLANG_ENABLE_OBJC_ARC = YES;
				CLANG_ENABLE_OBJC_WEAK = YES;
				CLANG_WARN_BLOCK_CAPTURE_AUTORELEASING = YES;
				CLANG_WARN_BOOL_CONVERSION = YES;
				CLANG_WARN_COMMA = YES;
				CLANG_WARN_CONSTANT_CONVERSION = YES;
				CLANG_WARN_DEPRECATED_OBJC_IMPLEMENTATIONS = YES;
				CLANG_WARN_DIRECT_OBJC_ISA_USAGE = YES_ERROR;
				CLANG_WARN_DOCUMENTATION_COMMENTS = YES;
				CLANG_WARN_EMPTY_BODY = YES;
				CLANG_WARN_ENUM_CONVERSION = YES;
				CLANG_WARN_INFINITE_RECURSION = YES;
				CLANG_WARN_INT_CONVERSION = YES;
				CLANG_WARN_NON_LITERAL_NULL_CONVERSION = YES;
				CLANG_WARN_OBJC_IMPLICIT_RETAIN_SELF = YES;
				CLANG_WARN_OBJC_LITERAL_CONVERSION = YES;
				CLANG_WARN_OBJC_ROOT_CLASS = YES_ERROR;
				CLANG_WARN_QUOTED_INCLUDE_IN_FRAMEWORK_HEADER = YES;
				CLANG_WARN_RANGE_LOOP_ANALYSIS = YES;
				CLANG_WARN_STRICT_PROTOTYPES = YES;
				CLANG_WARN_SUSPICIOUS_MOVE = YES;
				CLANG_WARN_UNGUARDED_AVAILABILITY = YES_AGGRESSIVE;
				CLANG_WARN_UNREACHABLE_CODE = YES;
				CLANG_WARN__DUPLICATE_METHOD_MATCH = YES;
				COPY_PHASE_STRIP = NO;
				DEBUG_INFORMATION_FORMAT = dwarf;
				ENABLE_STRICT_OBJC_MSGSEND = YES;
				ENABLE_TESTABILITY = YES;
				ENABLE_USER_SCRIPT_SANDBOXING = YES;
				GCC_C_LANGUAGE_STANDARD = gnu17;
				GCC_DYNAMIC_NO_PIC = NO;
				GCC_NO_COMMON_BLOCKS = YES;
				GCC_OPTIMIZATION_LEVEL = 0;
				GCC_PREPROCESSOR_DEFINITIONS = (
					"DEBUG=1",
					"$(inherited)",
				);
				GCC_WARN_64_TO_32_BIT_CONVERSION = YES;
				GCC_WARN_ABOUT_RETURN_TYPE = YES_ERROR;
				GCC_WARN_UNDECLARED_SELECTOR = YES;
				GCC_WARN_UNINITIALIZED_AUTOS = YES_AGGRESSIVE;
				GCC_WARN_UNUSED_FUNCTION = YES;
				GCC_WARN_UNUSED_VARIABLE = YES;
				LOCALIZATION_PREFERS_STRING_CATALOGS = YES;
				MACOSX_DEPLOYMENT_TARGET = 15.2;
				MTL_ENABLE_DEBUG_INFO = INCLUDE_SOURCE;
				MTL_FAST_MATH = YES;
				ONLY_ACTIVE_ARCH = YES;
				SDKROOT = macosx;
			};
			name = Debug;
		};
		AA3E5A8A2DBD615F00CD51E6 /* Release */ = {
			isa = XCBuildConfiguration;
			buildSettings = {
				ALWAYS_SEARCH_USER_PATHS = NO;
				ASSETCATALOG_COMPILER_GENERATE_SWIFT_ASSET_SYMBOL_EXTENSIONS = YES;
				CLANG_ANALYZER_NONNULL = YES;
				CLANG_ANALYZER_NUMBER_OBJECT_CONVERSION = YES_AGGRESSIVE;
				CLANG_CXX_LANGUAGE_STANDARD = "gnu++20";
				CLANG_ENABLE_MODULES = YES;
				CLANG_ENABLE_OBJC_ARC = YES;
				CLANG_ENABLE_OBJC_WEAK = YES;
				CLANG_WARN_BLOCK_CAPTURE_AUTORELEASING = YES;
				CLANG_WARN_BOOL_CONVERSION = YES;
				CLANG_WARN_COMMA = YES;
				CLANG_WARN_CONSTANT_CONVERSION = YES;
				CLANG_WARN_DEPRECATED_OBJC_IMPLEMENTATIONS = YES;
				CLANG_WARN_DIRECT_OBJC_ISA_USAGE = YES_ERROR;
				CLANG_WARN_DOCUMENTATION_COMMENTS = YES;
				CLANG_WARN_EMPTY_BODY = YES;
				CLANG_WARN_ENUM_CONVERSION = YES;
				CLANG_WARN_INFINITE_RECURSION = YES;
				CLANG_WARN_INT_CONVERSION = YES;
				CLANG_WARN_NON_LITERAL_NULL_CONVERSION = YES;
				CLANG_WARN_OBJC_IMPLICIT_RETAIN_SELF = YES;
				CLANG_WARN_OBJC_LITERAL_CONVERSION = YES;
				CLANG_WARN_OBJC_ROOT_CLASS = YES_ERROR;
				CLANG_WARN_QUOTED_INCLUDE_IN_FRAMEWORK_HEADER = YES;
				CLANG_WARN_RANGE_LOOP_ANALYSIS = YES;
				CLANG_WARN_STRICT_PROTOTYPES = YES;
				CLANG_WARN_SUSPICIOUS_MOVE = YES;
				CLANG_WARN_UNGUARDED_AVAILABILITY = YES_AGGRESSIVE;
				CLANG_WARN_UNREACHABLE_CODE = YES;
				CLANG_WARN__DUPLICATE_METHOD_MATCH = YES;
				COPY_PHASE_STRIP = NO;
				DEBUG_INFORMATION_FORMAT = "dwarf-with-dsym";
				ENABLE_NS_ASSERTIONS = NO;
				ENABLE_STRICT_OBJC_MSGSEND = YES;
				ENABLE_USER_SCRIPT_SANDBOXING = YES;
				GCC_C_LANGUAGE_STANDARD = gnu17;
				GCC_NO_COMMON_BLOCKS = YES;
				GCC_WARN_64_TO_32_BIT_CONVERSION = YES;
				GCC_WARN_ABOUT_RETURN_TYPE = YES_ERROR;
				GCC_WARN_UNDECLARED_SELECTOR = YES;
				GCC_WARN_UNINITIALIZED_AUTOS = YES_AGGRESSIVE;
				GCC_WARN_UNUSED_FUNCTION = YES;
				GCC_WARN_UNUSED_VARIABLE = YES;
				LOCALIZATION_PREFERS_STRING_CATALOGS = YES;
				MACOSX_DEPLOYMENT_TARGET = 15.2;
				MTL_ENABLE_DEBUG_INFO = NO;
				MTL_FAST_MATH = YES;
				SDKROOT = macosx;
			};
			name = Release;
		};
		AA3E5A8C2DBD615F00CD51E6 /* Debug */ = {
			isa = XCBuildConfiguration;
			buildSettings = {
				ASSETCATALOG_COMPILER_APPICON_NAME = AppIcon;
				ASSETCATALOG_COMPILER_GLOBAL_ACCENT_COLOR_NAME = AccentColor;
				CODE_SIGN_ENTITLEMENTS = JasmineStudio/JasmineStudio.entitlements;
				CODE_SIGN_STYLE = Automatic;
				COMBINE_HIDPI_IMAGES = YES;
				CURRENT_PROJECT_VERSION = 1;
				GCC_TREAT_INCOMPATIBLE_POINTER_TYPE_WARNINGS_AS_ERRORS = YES;
				GCC_TREAT_WARNINGS_AS_ERRORS = YES;
				GENERATE_INFOPLIST_FILE = YES;
				INFOPLIST_KEY_NSHumanReadableCopyright = "";
				INFOPLIST_KEY_NSMainStoryboardFile = Main;
				INFOPLIST_KEY_NSPrincipalClass = NSApplication;
				LD_RUNPATH_SEARCH_PATHS = (
					"$(inherited)",
					"@executable_path/../Frameworks",
				);
				MARKETING_VERSION = 1.0;
				PRODUCT_BUNDLE_IDENTIFIER = sgravrock.JasmineStudio;
				PRODUCT_NAME = "$(TARGET_NAME)";
				SWIFT_EMIT_LOC_STRINGS = YES;
			};
			name = Debug;
		};
		AA3E5A8D2DBD615F00CD51E6 /* Release */ = {
			isa = XCBuildConfiguration;
			buildSettings = {
				ASSETCATALOG_COMPILER_APPICON_NAME = AppIcon;
				ASSETCATALOG_COMPILER_GLOBAL_ACCENT_COLOR_NAME = AccentColor;
				CODE_SIGN_ENTITLEMENTS = JasmineStudio/JasmineStudio.entitlements;
				CODE_SIGN_STYLE = Automatic;
				COMBINE_HIDPI_IMAGES = YES;
				CURRENT_PROJECT_VERSION = 1;
				GCC_TREAT_INCOMPATIBLE_POINTER_TYPE_WARNINGS_AS_ERRORS = YES;
				GCC_TREAT_WARNINGS_AS_ERRORS = YES;
				GENERATE_INFOPLIST_FILE = YES;
				INFOPLIST_KEY_NSHumanReadableCopyright = "";
				INFOPLIST_KEY_NSMainStoryboardFile = Main;
				INFOPLIST_KEY_NSPrincipalClass = NSApplication;
				LD_RUNPATH_SEARCH_PATHS = (
					"$(inherited)",
					"@executable_path/../Frameworks",
				);
				MARKETING_VERSION = 1.0;
				PRODUCT_BUNDLE_IDENTIFIER = sgravrock.JasmineStudio;
				PRODUCT_NAME = "$(TARGET_NAME)";
				SWIFT_EMIT_LOC_STRINGS = YES;
			};
			name = Release;
		};
		AA3E5A8F2DBD615F00CD51E6 /* Debug */ = {
			isa = XCBuildConfiguration;
			buildSettings = {
				BUNDLE_LOADER = "$(TEST_HOST)";
				CODE_SIGN_STYLE = Automatic;
				CURRENT_PROJECT_VERSION = 1;
				GENERATE_INFOPLIST_FILE = YES;
				MACOSX_DEPLOYMENT_TARGET = 15.2;
				MARKETING_VERSION = 1.0;
				PRODUCT_BUNDLE_IDENTIFIER = sgravrock.JasmineStudioTests;
				PRODUCT_NAME = "$(TARGET_NAME)";
				SWIFT_EMIT_LOC_STRINGS = NO;
				TEST_HOST = "$(BUILT_PRODUCTS_DIR)/JasmineStudio.app/$(BUNDLE_EXECUTABLE_FOLDER_PATH)/JasmineStudio";
			};
			name = Debug;
		};
		AA3E5A902DBD615F00CD51E6 /* Release */ = {
			isa = XCBuildConfiguration;
			buildSettings = {
				BUNDLE_LOADER = "$(TEST_HOST)";
				CODE_SIGN_STYLE = Automatic;
				CURRENT_PROJECT_VERSION = 1;
				GENERATE_INFOPLIST_FILE = YES;
				MACOSX_DEPLOYMENT_TARGET = 15.2;
				MARKETING_VERSION = 1.0;
				PRODUCT_BUNDLE_IDENTIFIER = sgravrock.JasmineStudioTests;
				PRODUCT_NAME = "$(TARGET_NAME)";
				SWIFT_EMIT_LOC_STRINGS = NO;
				TEST_HOST = "$(BUILT_PRODUCTS_DIR)/JasmineStudio.app/$(BUNDLE_EXECUTABLE_FOLDER_PATH)/JasmineStudio";
			};
			name = Release;
		};
/* End XCBuildConfiguration section */

/* Begin XCConfigurationList section */
		AA3E5A5D2DBD615E00CD51E6 /* Build configuration list for PBXProject "JasmineStudio" */ = {
			isa = XCConfigurationList;
			buildConfigurations = (
				AA3E5A892DBD615F00CD51E6 /* Debug */,
				AA3E5A8A2DBD615F00CD51E6 /* Release */,
			);
			defaultConfigurationIsVisible = 0;
			defaultConfigurationName = Release;
		};
		AA3E5A8B2DBD615F00CD51E6 /* Build configuration list for PBXNativeTarget "JasmineStudio" */ = {
			isa = XCConfigurationList;
			buildConfigurations = (
				AA3E5A8C2DBD615F00CD51E6 /* Debug */,
				AA3E5A8D2DBD615F00CD51E6 /* Release */,
			);
			defaultConfigurationIsVisible = 0;
			defaultConfigurationName = Release;
		};
		AA3E5A8E2DBD615F00CD51E6 /* Build configuration list for PBXNativeTarget "JasmineStudioTests" */ = {
			isa = XCConfigurationList;
			buildConfigurations = (
				AA3E5A8F2DBD615F00CD51E6 /* Debug */,
				AA3E5A902DBD615F00CD51E6 /* Release */,
			);
			defaultConfigurationIsVisible = 0;
			defaultConfigurationName = Release;
		};
/* End XCConfigurationList section */
	};
	rootObject = AA3E5A5A2DBD615E00CD51E6 /* Project object */;
}
